// !$*UTF8*$!
{
	archiveVersion = 1;
	classes = {
	};
	objectVersion = 50;
	objects = {

/* Begin PBXBuildFile section */
		D14DB7B324E19E5300BA5040 /* AppDelegate.swift in Sources */ = {isa = PBXBuildFile; fileRef = D14DB7B224E19E5300BA5040 /* AppDelegate.swift */; };
		D14DB7B524E19E5300BA5040 /* SceneDelegate.swift in Sources */ = {isa = PBXBuildFile; fileRef = D14DB7B424E19E5300BA5040 /* SceneDelegate.swift */; };
		D14DB7B724E19E5300BA5040 /* ViewController.swift in Sources */ = {isa = PBXBuildFile; fileRef = D14DB7B624E19E5300BA5040 /* ViewController.swift */; };
		D14DB7BA24E19E5300BA5040 /* Main.storyboard in Resources */ = {isa = PBXBuildFile; fileRef = D14DB7B824E19E5300BA5040 /* Main.storyboard */; };
		D14DB7BC24E19E5500BA5040 /* Assets.xcassets in Resources */ = {isa = PBXBuildFile; fileRef = D14DB7BB24E19E5500BA5040 /* Assets.xcassets */; };
		D14DB7BF24E19E5500BA5040 /* LaunchScreen.storyboard in Resources */ = {isa = PBXBuildFile; fileRef = D14DB7BD24E19E5500BA5040 /* LaunchScreen.storyboard */; };
		D14DB7CA24E19E5500BA5040 /* PersistanceTests.swift in Sources */ = {isa = PBXBuildFile; fileRef = D14DB7C924E19E5500BA5040 /* PersistanceTests.swift */; };
		D14DB7D524E19E5500BA5040 /* PersistanceUITests.swift in Sources */ = {isa = PBXBuildFile; fileRef = D14DB7D424E19E5500BA5040 /* PersistanceUITests.swift */; };
		D14DB7E324E1A6AF00BA5040 /* sunsettt.jpg in Resources */ = {isa = PBXBuildFile; fileRef = D14DB7E224E1A6AF00BA5040 /* sunsettt.jpg */; };
/* End PBXBuildFile section */

/* Begin PBXContainerItemProxy section */
		D14DB7C624E19E5500BA5040 /* PBXContainerItemProxy */ = {
			isa = PBXContainerItemProxy;
			containerPortal = D14DB7A724E19E5300BA5040 /* Project object */;
			proxyType = 1;
			remoteGlobalIDString = D14DB7AE24E19E5300BA5040;
			remoteInfo = Persistance;
		};
		D14DB7D124E19E5500BA5040 /* PBXContainerItemProxy */ = {
			isa = PBXContainerItemProxy;
			containerPortal = D14DB7A724E19E5300BA5040 /* Project object */;
			proxyType = 1;
			remoteGlobalIDString = D14DB7AE24E19E5300BA5040;
			remoteInfo = Persistance;
		};
/* End PBXContainerItemProxy section */

/* Begin PBXFileReference section */
		D14DB7AF24E19E5300BA5040 /* Persistance.app */ = {isa = PBXFileReference; explicitFileType = wrapper.application; includeInIndex = 0; path = Persistance.app; sourceTree = BUILT_PRODUCTS_DIR; };
		D14DB7B224E19E5300BA5040 /* AppDelegate.swift */ = {isa = PBXFileReference; lastKnownFileType = sourcecode.swift; path = AppDelegate.swift; sourceTree = "<group>"; };
		D14DB7B424E19E5300BA5040 /* SceneDelegate.swift */ = {isa = PBXFileReference; lastKnownFileType = sourcecode.swift; path = SceneDelegate.swift; sourceTree = "<group>"; };
		D14DB7B624E19E5300BA5040 /* ViewController.swift */ = {isa = PBXFileReference; lastKnownFileType = sourcecode.swift; path = ViewController.swift; sourceTree = "<group>"; };
		D14DB7B924E19E5300BA5040 /* Base */ = {isa = PBXFileReference; lastKnownFileType = file.storyboard; name = Base; path = Base.lproj/Main.storyboard; sourceTree = "<group>"; };
		D14DB7BB24E19E5500BA5040 /* Assets.xcassets */ = {isa = PBXFileReference; lastKnownFileType = folder.assetcatalog; path = Assets.xcassets; sourceTree = "<group>"; };
		D14DB7BE24E19E5500BA5040 /* Base */ = {isa = PBXFileReference; lastKnownFileType = file.storyboard; name = Base; path = Base.lproj/LaunchScreen.storyboard; sourceTree = "<group>"; };
		D14DB7C024E19E5500BA5040 /* Info.plist */ = {isa = PBXFileReference; lastKnownFileType = text.plist.xml; path = Info.plist; sourceTree = "<group>"; };
		D14DB7C524E19E5500BA5040 /* PersistanceTests.xctest */ = {isa = PBXFileReference; explicitFileType = wrapper.cfbundle; includeInIndex = 0; path = PersistanceTests.xctest; sourceTree = BUILT_PRODUCTS_DIR; };
		D14DB7C924E19E5500BA5040 /* PersistanceTests.swift */ = {isa = PBXFileReference; lastKnownFileType = sourcecode.swift; path = PersistanceTests.swift; sourceTree = "<group>"; };
		D14DB7CB24E19E5500BA5040 /* Info.plist */ = {isa = PBXFileReference; lastKnownFileType = text.plist.xml; path = Info.plist; sourceTree = "<group>"; };
		D14DB7D024E19E5500BA5040 /* PersistanceUITests.xctest */ = {isa = PBXFileReference; explicitFileType = wrapper.cfbundle; includeInIndex = 0; path = PersistanceUITests.xctest; sourceTree = BUILT_PRODUCTS_DIR; };
		D14DB7D424E19E5500BA5040 /* PersistanceUITests.swift */ = {isa = PBXFileReference; lastKnownFileType = sourcecode.swift; path = PersistanceUITests.swift; sourceTree = "<group>"; };
		D14DB7D624E19E5500BA5040 /* Info.plist */ = {isa = PBXFileReference; lastKnownFileType = text.plist.xml; path = Info.plist; sourceTree = "<group>"; };
		D14DB7E224E1A6AF00BA5040 /* sunsettt.jpg */ = {isa = PBXFileReference; lastKnownFileType = image.jpeg; path = sunsettt.jpg; sourceTree = "<group>"; };
/* End PBXFileReference section */

/* Begin PBXFrameworksBuildPhase section */
		D14DB7AC24E19E5300BA5040 /* Frameworks */ = {
			isa = PBXFrameworksBuildPhase;
			buildActionMask = 2147483647;
			files = (
			);
			runOnlyForDeploymentPostprocessing = 0;
		};
		D14DB7C224E19E5500BA5040 /* Frameworks */ = {
			isa = PBXFrameworksBuildPhase;
			buildActionMask = 2147483647;
			files = (
			);
			runOnlyForDeploymentPostprocessing = 0;
		};
		D14DB7CD24E19E5500BA5040 /* Frameworks */ = {
			isa = PBXFrameworksBuildPhase;
			buildActionMask = 2147483647;
			files = (
			);
			runOnlyForDeploymentPostprocessing = 0;
		};
/* End PBXFrameworksBuildPhase section */

/* Begin PBXGroup section */
		D14DB7A624E19E5300BA5040 = {
			isa = PBXGroup;
			children = (
				D14DB7B124E19E5300BA5040 /* Persistance */,
				D14DB7C824E19E5500BA5040 /* PersistanceTests */,
				D14DB7D324E19E5500BA5040 /* PersistanceUITests */,
				D14DB7B024E19E5300BA5040 /* Products */,
			);
			sourceTree = "<group>";
		};
		D14DB7B024E19E5300BA5040 /* Products */ = {
			isa = PBXGroup;
			children = (
				D14DB7AF24E19E5300BA5040 /* Persistance.app */,
				D14DB7C524E19E5500BA5040 /* PersistanceTests.xctest */,
				D14DB7D024E19E5500BA5040 /* PersistanceUITests.xctest */,
			);
			name = Products;
			sourceTree = "<group>";
		};
		D14DB7B124E19E5300BA5040 /* Persistance */ = {
			isa = PBXGroup;
			children = (
				D14DB7B224E19E5300BA5040 /* AppDelegate.swift */,
				D14DB7B424E19E5300BA5040 /* SceneDelegate.swift */,
				D14DB7B624E19E5300BA5040 /* ViewController.swift */,
				D14DB7B824E19E5300BA5040 /* Main.storyboard */,
				D14DB7E224E1A6AF00BA5040 /* sunsettt.jpg */,
				D14DB7BB24E19E5500BA5040 /* Assets.xcassets */,
				D14DB7BD24E19E5500BA5040 /* LaunchScreen.storyboard */,
				D14DB7C024E19E5500BA5040 /* Info.plist */,
			);
			path = Persistance;
			sourceTree = "<group>";
		};
		D14DB7C824E19E5500BA5040 /* PersistanceTests */ = {
			isa = PBXGroup;
			children = (
				D14DB7C924E19E5500BA5040 /* PersistanceTests.swift */,
				D14DB7CB24E19E5500BA5040 /* Info.plist */,
			);
			path = PersistanceTests;
			sourceTree = "<group>";
		};
		D14DB7D324E19E5500BA5040 /* PersistanceUITests */ = {
			isa = PBXGroup;
			children = (
				D14DB7D424E19E5500BA5040 /* PersistanceUITests.swift */,
				D14DB7D624E19E5500BA5040 /* Info.plist */,
			);
			path = PersistanceUITests;
			sourceTree = "<group>";
		};
/* End PBXGroup section */

/* Begin PBXNativeTarget section */
		D14DB7AE24E19E5300BA5040 /* Persistance */ = {
			isa = PBXNativeTarget;
			buildConfigurationList = D14DB7D924E19E5500BA5040 /* Build configuration list for PBXNativeTarget "Persistance" */;
			buildPhases = (
				D14DB7AB24E19E5300BA5040 /* Sources */,
				D14DB7AC24E19E5300BA5040 /* Frameworks */,
				D14DB7AD24E19E5300BA5040 /* Resources */,
			);
			buildRules = (
			);
			dependencies = (
			);
			name = Persistance;
			productName = Persistance;
			productReference = D14DB7AF24E19E5300BA5040 /* Persistance.app */;
			productType = "com.apple.product-type.application";
		};
		D14DB7C424E19E5500BA5040 /* PersistanceTests */ = {
			isa = PBXNativeTarget;
			buildConfigurationList = D14DB7DC24E19E5500BA5040 /* Build configuration list for PBXNativeTarget "PersistanceTests" */;
			buildPhases = (
				D14DB7C124E19E5500BA5040 /* Sources */,
				D14DB7C224E19E5500BA5040 /* Frameworks */,
				D14DB7C324E19E5500BA5040 /* Resources */,
			);
			buildRules = (
			);
			dependencies = (
				D14DB7C724E19E5500BA5040 /* PBXTargetDependency */,
			);
			name = PersistanceTests;
			productName = PersistanceTests;
			productReference = D14DB7C524E19E5500BA5040 /* PersistanceTests.xctest */;
			productType = "com.apple.product-type.bundle.unit-test";
		};
		D14DB7CF24E19E5500BA5040 /* PersistanceUITests */ = {
			isa = PBXNativeTarget;
			buildConfigurationList = D14DB7DF24E19E5500BA5040 /* Build configuration list for PBXNativeTarget "PersistanceUITests" */;
			buildPhases = (
				D14DB7CC24E19E5500BA5040 /* Sources */,
				D14DB7CD24E19E5500BA5040 /* Frameworks */,
				D14DB7CE24E19E5500BA5040 /* Resources */,
			);
			buildRules = (
			);
			dependencies = (
				D14DB7D224E19E5500BA5040 /* PBXTargetDependency */,
			);
			name = PersistanceUITests;
			productName = PersistanceUITests;
			productReference = D14DB7D024E19E5500BA5040 /* PersistanceUITests.xctest */;
			productType = "com.apple.product-type.bundle.ui-testing";
		};
/* End PBXNativeTarget section */

/* Begin PBXProject section */
		D14DB7A724E19E5300BA5040 /* Project object */ = {
			isa = PBXProject;
			attributes = {
				LastSwiftUpdateCheck = 1130;
				LastUpgradeCheck = 1130;
				ORGANIZATIONNAME = "Justine James Seva Reyes";
				TargetAttributes = {
					D14DB7AE24E19E5300BA5040 = {
						CreatedOnToolsVersion = 11.3.1;
					};
					D14DB7C424E19E5500BA5040 = {
						CreatedOnToolsVersion = 11.3.1;
						TestTargetID = D14DB7AE24E19E5300BA5040;
					};
					D14DB7CF24E19E5500BA5040 = {
						CreatedOnToolsVersion = 11.3.1;
						TestTargetID = D14DB7AE24E19E5300BA5040;
					};
				};
			};
			buildConfigurationList = D14DB7AA24E19E5300BA5040 /* Build configuration list for PBXProject "Persistance" */;
			compatibilityVersion = "Xcode 9.3";
			developmentRegion = en;
			hasScannedForEncodings = 0;
			knownRegions = (
				en,
				Base,
			);
			mainGroup = D14DB7A624E19E5300BA5040;
			productRefGroup = D14DB7B024E19E5300BA5040 /* Products */;
			projectDirPath = "";
			projectRoot = "";
			targets = (
				D14DB7AE24E19E5300BA5040 /* Persistance */,
				D14DB7C424E19E5500BA5040 /* PersistanceTests */,
				D14DB7CF24E19E5500BA5040 /* PersistanceUITests */,
			);
		};
/* End PBXProject section */

/* Begin PBXResourcesBuildPhase section */
		D14DB7AD24E19E5300BA5040 /* Resources */ = {
			isa = PBXResourcesBuildPhase;
			buildActionMask = 2147483647;
			files = (
				D14DB7BF24E19E5500BA5040 /* LaunchScreen.storyboard in Resources */,
				D14DB7E324E1A6AF00BA5040 /* sunsettt.jpg in Resources */,
				D14DB7BC24E19E5500BA5040 /* Assets.xcassets in Resources */,
				D14DB7BA24E19E5300BA5040 /* Main.storyboard in Resources */,
			);
			runOnlyForDeploymentPostprocessing = 0;
		};
		D14DB7C324E19E5500BA5040 /* Resources */ = {
			isa = PBXResourcesBuildPhase;
			buildActionMask = 2147483647;
			files = (
			);
			runOnlyForDeploymentPostprocessing = 0;
		};
		D14DB7CE24E19E5500BA5040 /* Resources */ = {
			isa = PBXResourcesBuildPhase;
			buildActionMask = 2147483647;
			files = (
			);
			runOnlyForDeploymentPostprocessing = 0;
		};
/* End PBXResourcesBuildPhase section */

/* Begin PBXSourcesBuildPhase section */
		D14DB7AB24E19E5300BA5040 /* Sources */ = {
			isa = PBXSourcesBuildPhase;
			buildActionMask = 2147483647;
			files = (
				D14DB7B724E19E5300BA5040 /* ViewController.swift in Sources */,
				D14DB7B324E19E5300BA5040 /* AppDelegate.swift in Sources */,
				D14DB7B524E19E5300BA5040 /* SceneDelegate.swift in Sources */,
			);
			runOnlyForDeploymentPostprocessing = 0;
		};
		D14DB7C124E19E5500BA5040 /* Sources */ = {
			isa = PBXSourcesBuildPhase;
			buildActionMask = 2147483647;
			files = (
				D14DB7CA24E19E5500BA5040 /* PersistanceTests.swift in Sources */,
			);
			runOnlyForDeploymentPostprocessing = 0;
		};
		D14DB7CC24E19E5500BA5040 /* Sources */ = {
			isa = PBXSourcesBuildPhase;
			buildActionMask = 2147483647;
			files = (
				D14DB7D524E19E5500BA5040 /* PersistanceUITests.swift in Sources */,
			);
			runOnlyForDeploymentPostprocessing = 0;
		};
/* End PBXSourcesBuildPhase section */

/* Begin PBXTargetDependency section */
		D14DB7C724E19E5500BA5040 /* PBXTargetDependency */ = {
			isa = PBXTargetDependency;
			target = D14DB7AE24E19E5300BA5040 /* Persistance */;
			targetProxy = D14DB7C624E19E5500BA5040 /* PBXContainerItemProxy */;
		};
		D14DB7D224E19E5500BA5040 /* PBXTargetDependency */ = {
			isa = PBXTargetDependency;
			target = D14DB7AE24E19E5300BA5040 /* Persistance */;
			targetProxy = D14DB7D124E19E5500BA5040 /* PBXContainerItemProxy */;
		};
/* End PBXTargetDependency section */

/* Begin PBXVariantGroup section */
		D14DB7B824E19E5300BA5040 /* Main.storyboard */ = {
			isa = PBXVariantGroup;
			children = (
				D14DB7B924E19E5300BA5040 /* Base */,
			);
			name = Main.storyboard;
			sourceTree = "<group>";
		};
		D14DB7BD24E19E5500BA5040 /* LaunchScreen.storyboard */ = {
			isa = PBXVariantGroup;
			children = (
				D14DB7BE24E19E5500BA5040 /* Base */,
			);
			name = LaunchScreen.storyboard;
			sourceTree = "<group>";
		};
/* End PBXVariantGroup section */

/* Begin XCBuildConfiguration section */
		D14DB7D724E19E5500BA5040 /* Debug */ = {
			isa = XCBuildConfiguration;
			buildSettings = {
				ALWAYS_SEARCH_USER_PATHS = NO;
				CLANG_ANALYZER_NONNULL = YES;
				CLANG_ANALYZER_NUMBER_OBJECT_CONVERSION = YES_AGGRESSIVE;
				CLANG_CXX_LANGUAGE_STANDARD = "gnu++14";
				CLANG_CXX_LIBRARY = "libc++";
				CLANG_ENABLE_MODULES = YES;
				CLANG_ENABLE_OBJC_ARC = YES;
				CLANG_ENABLE_OBJC_WEAK = YES;
				CLANG_WARN_BLOCK_CAPTURE_AUTORELEASING = YES;
				CLANG_WARN_BOOL_CONVERSION = YES;
				CLANG_WARN_COMMA = YES;
				CLANG_WARN_CONSTANT_CONVERSION = YES;
				CLANG_WARN_DEPRECATED_OBJC_IMPLEMENTATIONS = YES;
				CLANG_WARN_DIRECT_OBJC_ISA_USAGE = YES_ERROR;
				CLANG_WARN_DOCUMENTATION_COMMENTS = YES;
				CLANG_WARN_EMPTY_BODY = YES;
				CLANG_WARN_ENUM_CONVERSION = YES;
				CLANG_WARN_INFINITE_RECURSION = YES;
				CLANG_WARN_INT_CONVERSION = YES;
				CLANG_WARN_NON_LITERAL_NULL_CONVERSION = YES;
				CLANG_WARN_OBJC_IMPLICIT_RETAIN_SELF = YES;
				CLANG_WARN_OBJC_LITERAL_CONVERSION = YES;
				CLANG_WARN_OBJC_ROOT_CLASS = YES_ERROR;
				CLANG_WARN_RANGE_LOOP_ANALYSIS = YES;
				CLANG_WARN_STRICT_PROTOTYPES = YES;
				CLANG_WARN_SUSPICIOUS_MOVE = YES;
				CLANG_WARN_UNGUARDED_AVAILABILITY = YES_AGGRESSIVE;
				CLANG_WARN_UNREACHABLE_CODE = YES;
				CLANG_WARN__DUPLICATE_METHOD_MATCH = YES;
				COPY_PHASE_STRIP = NO;
				DEBUG_INFORMATION_FORMAT = dwarf;
				ENABLE_STRICT_OBJC_MSGSEND = YES;
				ENABLE_TESTABILITY = YES;
				GCC_C_LANGUAGE_STANDARD = gnu11;
				GCC_DYNAMIC_NO_PIC = NO;
				GCC_NO_COMMON_BLOCKS = YES;
				GCC_OPTIMIZATION_LEVEL = 0;
				GCC_PREPROCESSOR_DEFINITIONS = (
					"DEBUG=1",
					"$(inherited)",
				);
				GCC_WARN_64_TO_32_BIT_CONVERSION = YES;
				GCC_WARN_ABOUT_RETURN_TYPE = YES_ERROR;
				GCC_WARN_UNDECLARED_SELECTOR = YES;
				GCC_WARN_UNINITIALIZED_AUTOS = YES_AGGRESSIVE;
				GCC_WARN_UNUSED_FUNCTION = YES;
				GCC_WARN_UNUSED_VARIABLE = YES;
				IPHONEOS_DEPLOYMENT_TARGET = 13.2;
				MTL_ENABLE_DEBUG_INFO = INCLUDE_SOURCE;
				MTL_FAST_MATH = YES;
				ONLY_ACTIVE_ARCH = YES;
				SDKROOT = iphoneos;
				SWIFT_ACTIVE_COMPILATION_CONDITIONS = DEBUG;
				SWIFT_OPTIMIZATION_LEVEL = "-Onone";
			};
			name = Debug;
		};
		D14DB7D824E19E5500BA5040 /* Release */ = {
			isa = XCBuildConfiguration;
			buildSettings = {
				ALWAYS_SEARCH_USER_PATHS = NO;
				CLANG_ANALYZER_NONNULL = YES;
				CLANG_ANALYZER_NUMBER_OBJECT_CONVERSION = YES_AGGRESSIVE;
				CLANG_CXX_LANGUAGE_STANDARD = "gnu++14";
				CLANG_CXX_LIBRARY = "libc++";
				CLANG_ENABLE_MODULES = YES;
				CLANG_ENABLE_OBJC_ARC = YES;
				CLANG_ENABLE_OBJC_WEAK = YES;
				CLANG_WARN_BLOCK_CAPTURE_AUTORELEASING = YES;
				CLANG_WARN_BOOL_CONVERSION = YES;
				CLANG_WARN_COMMA = YES;
				CLANG_WARN_CONSTANT_CONVERSION = YES;
				CLANG_WARN_DEPRECATED_OBJC_IMPLEMENTATIONS = YES;
				CLANG_WARN_DIRECT_OBJC_ISA_USAGE = YES_ERROR;
				CLANG_WARN_DOCUMENTATION_COMMENTS = YES;
				CLANG_WARN_EMPTY_BODY = YES;
				CLANG_WARN_ENUM_CONVERSION = YES;
				CLANG_WARN_INFINITE_RECURSION = YES;
				CLANG_WARN_INT_CONVERSION = YES;
				CLANG_WARN_NON_LITERAL_NULL_CONVERSION = YES;
				CLANG_WARN_OBJC_IMPLICIT_RETAIN_SELF = YES;
				CLANG_WARN_OBJC_LITERAL_CONVERSION = YES;
				CLANG_WARN_OBJC_ROOT_CLASS = YES_ERROR;
				CLANG_WARN_RANGE_LOOP_ANALYSIS = YES;
				CLANG_WARN_STRICT_PROTOTYPES = YES;
				CLANG_WARN_SUSPICIOUS_MOVE = YES;
				CLANG_WARN_UNGUARDED_AVAILABILITY = YES_AGGRESSIVE;
				CLANG_WARN_UNREACHABLE_CODE = YES;
				CLANG_WARN__DUPLICATE_METHOD_MATCH = YES;
				COPY_PHASE_STRIP = NO;
				DEBUG_INFORMATION_FORMAT = "dwarf-with-dsym";
				ENABLE_NS_ASSERTIONS = NO;
				ENABLE_STRICT_OBJC_MSGSEND = YES;
				GCC_C_LANGUAGE_STANDARD = gnu11;
				GCC_NO_COMMON_BLOCKS = YES;
				GCC_WARN_64_TO_32_BIT_CONVERSION = YES;
				GCC_WARN_ABOUT_RETURN_TYPE = YES_ERROR;
				GCC_WARN_UNDECLARED_SELECTOR = YES;
				GCC_WARN_UNINITIALIZED_AUTOS = YES_AGGRESSIVE;
				GCC_WARN_UNUSED_FUNCTION = YES;
				GCC_WARN_UNUSED_VARIABLE = YES;
				IPHONEOS_DEPLOYMENT_TARGET = 13.2;
				MTL_ENABLE_DEBUG_INFO = NO;
				MTL_FAST_MATH = YES;
				SDKROOT = iphoneos;
				SWIFT_COMPILATION_MODE = wholemodule;
				SWIFT_OPTIMIZATION_LEVEL = "-O";
				VALIDATE_PRODUCT = YES;
			};
			name = Release;
		};
		D14DB7DA24E19E5500BA5040 /* Debug */ = {
			isa = XCBuildConfiguration;
			buildSettings = {
				ASSETCATALOG_COMPILER_APPICON_NAME = AppIcon;
				CODE_SIGN_STYLE = Automatic;
				INFOPLIST_FILE = Persistance/Info.plist;
				LD_RUNPATH_SEARCH_PATHS = (
					"$(inherited)",
					"@executable_path/Frameworks",
				);
				PRODUCT_BUNDLE_IDENTIFIER = com.Persistance.Persistance;
				PRODUCT_NAME = "$(TARGET_NAME)";
				SWIFT_VERSION = 5.0;
				TARGETED_DEVICE_FAMILY = "1,2";
			};
			name = Debug;
		};
		D14DB7DB24E19E5500BA5040 /* Release */ = {
			isa = XCBuildConfiguration;
			buildSettings = {
				ASSETCATALOG_COMPILER_APPICON_NAME = AppIcon;
				CODE_SIGN_STYLE = Automatic;
				INFOPLIST_FILE = Persistance/Info.plist;
				LD_RUNPATH_SEARCH_PATHS = (
					"$(inherited)",
					"@executable_path/Frameworks",
				);
				PRODUCT_BUNDLE_IDENTIFIER = com.Persistance.Persistance;
				PRODUCT_NAME = "$(TARGET_NAME)";
				SWIFT_VERSION = 5.0;
				TARGETED_DEVICE_FAMILY = "1,2";
			};
			name = Release;
		};
		D14DB7DD24E19E5500BA5040 /* Debug */ = {
			isa = XCBuildConfiguration;
			buildSettings = {
				ALWAYS_EMBED_SWIFT_STANDARD_LIBRARIES = YES;
				BUNDLE_LOADER = "$(TEST_HOST)";
				CODE_SIGN_STYLE = Automatic;
				INFOPLIST_FILE = PersistanceTests/Info.plist;
				IPHONEOS_DEPLOYMENT_TARGET = 13.2;
				LD_RUNPATH_SEARCH_PATHS = (
					"$(inherited)",
					"@executable_path/Frameworks",
					"@loader_path/Frameworks",
				);
				PRODUCT_BUNDLE_IDENTIFIER = com.Persistance.PersistanceTests;
				PRODUCT_NAME = "$(TARGET_NAME)";
				SWIFT_VERSION = 5.0;
				TARGETED_DEVICE_FAMILY = "1,2";
				TEST_HOST = "$(BUILT_PRODUCTS_DIR)/Persistance.app/Persistance";
			};
			name = Debug;
		};
		D14DB7DE24E19E5500BA5040 /* Release */ = {
			isa = XCBuildConfiguration;
			buildSettings = {
				ALWAYS_EMBED_SWIFT_STANDARD_LIBRARIES = YES;
				BUNDLE_LOADER = "$(TEST_HOST)";
				CODE_SIGN_STYLE = Automatic;
				INFOPLIST_FILE = PersistanceTests/Info.plist;
				IPHONEOS_DEPLOYMENT_TARGET = 13.2;
				LD_RUNPATH_SEARCH_PATHS = (
					"$(inherited)",
					"@executable_path/Frameworks",
					"@loader_path/Frameworks",
				);
				PRODUCT_BUNDLE_IDENTIFIER = com.Persistance.PersistanceTests;
				PRODUCT_NAME = "$(TARGET_NAME)";
				SWIFT_VERSION = 5.0;
				TARGETED_DEVICE_FAMILY = "1,2";
				TEST_HOST = "$(BUILT_PRODUCTS_DIR)/Persistance.app/Persistance";
			};
			name = Release;
		};
		D14DB7E024E19E5500BA5040 /* Debug */ = {
			isa = XCBuildConfiguration;
			buildSettings = {
				ALWAYS_EMBED_SWIFT_STANDARD_LIBRARIES = YES;
				CODE_SIGN_STYLE = Automatic;
				INFOPLIST_FILE = PersistanceUITests/Info.plist;
				LD_RUNPATH_SEARCH_PATHS = (
					"$(inherited)",
					"@executable_path/Frameworks",
					"@loader_path/Frameworks",
				);
				PRODUCT_BUNDLE_IDENTIFIER = com.Persistance.PersistanceUITests;
				PRODUCT_NAME = "$(TARGET_NAME)";
				SWIFT_VERSION = 5.0;
				TARGETED_DEVICE_FAMILY = "1,2";
				TEST_TARGET_NAME = Persistance;
			};
			name = Debug;
		};
		D14DB7E124E19E5500BA5040 /* Release */ = {
			isa = XCBuildConfiguration;
			buildSettings = {
				ALWAYS_EMBED_SWIFT_STANDARD_LIBRARIES = YES;
				CODE_SIGN_STYLE = Automatic;
				INFOPLIST_FILE = PersistanceUITests/Info.plist;
				LD_RUNPATH_SEARCH_PATHS = (
					"$(inherited)",
					"@executable_path/Frameworks",
					"@loader_path/Frameworks",
				);
				PRODUCT_BUNDLE_IDENTIFIER = com.Persistance.PersistanceUITests;
				PRODUCT_NAME = "$(TARGET_NAME)";
				SWIFT_VERSION = 5.0;
				TARGETED_DEVICE_FAMILY = "1,2";
				TEST_TARGET_NAME = Persistance;
			};
			name = Release;
		};
/* End XCBuildConfiguration section */

/* Begin XCConfigurationList section */
		D14DB7AA24E19E5300BA5040 /* Build configuration list for PBXProject "Persistance" */ = {
			isa = XCConfigurationList;
			buildConfigurations = (
				D14DB7D724E19E5500BA5040 /* Debug */,
				D14DB7D824E19E5500BA5040 /* Release */,
			);
			defaultConfigurationIsVisible = 0;
			defaultConfigurationName = Release;
		};
		D14DB7D924E19E5500BA5040 /* Build configuration list for PBXNativeTarget "Persistance" */ = {
			isa = XCConfigurationList;
			buildConfigurations = (
				D14DB7DA24E19E5500BA5040 /* Debug */,
				D14DB7DB24E19E5500BA5040 /* Release */,
			);
			defaultConfigurationIsVisible = 0;
			defaultConfigurationName = Release;
		};
		D14DB7DC24E19E5500BA5040 /* Build configuration list for PBXNativeTarget "PersistanceTests" */ = {
			isa = XCConfigurationList;
			buildConfigurations = (
				D14DB7DD24E19E5500BA5040 /* Debug */,
				D14DB7DE24E19E5500BA5040 /* Release */,
			);
			defaultConfigurationIsVisible = 0;
			defaultConfigurationName = Release;
		};
		D14DB7DF24E19E5500BA5040 /* Build configuration list for PBXNativeTarget "PersistanceUITests" */ = {
			isa = XCConfigurationList;
			buildConfigurations = (
				D14DB7E024E19E5500BA5040 /* Debug */,
				D14DB7E124E19E5500BA5040 /* Release */,
			);
			defaultConfigurationIsVisible = 0;
			defaultConfigurationName = Release;
		};
/* End XCConfigurationList section */
	};
	rootObject = D14DB7A724E19E5300BA5040 /* Project object */;
}
